// !$*UTF8*$!
{
	archiveVersion = 1;
	classes = {
	};
	objectVersion = 46;
	objects = {

/* Begin PBXBuildFile section */
		7C6D0434C0BF9F7E03244B47 /* Pods_NotiBannserWithWhisper.framework in Frameworks */ = {isa = PBXBuildFile; fileRef = 351B26EAA52E7EFA9709BB6E /* Pods_NotiBannserWithWhisper.framework */; };
		FB5FA6D31F7A36E300346091 /* AppDelegate.swift in Sources */ = {isa = PBXBuildFile; fileRef = FB5FA6D21F7A36E300346091 /* AppDelegate.swift */; };
		FB5FA6D51F7A36E300346091 /* ViewController.swift in Sources */ = {isa = PBXBuildFile; fileRef = FB5FA6D41F7A36E300346091 /* ViewController.swift */; };
		FB5FA6D81F7A36E300346091 /* Main.storyboard in Resources */ = {isa = PBXBuildFile; fileRef = FB5FA6D61F7A36E300346091 /* Main.storyboard */; };
		FB5FA6DA1F7A36E300346091 /* Assets.xcassets in Resources */ = {isa = PBXBuildFile; fileRef = FB5FA6D91F7A36E300346091 /* Assets.xcassets */; };
		FB5FA6DD1F7A36E300346091 /* LaunchScreen.storyboard in Resources */ = {isa = PBXBuildFile; fileRef = FB5FA6DB1F7A36E300346091 /* LaunchScreen.storyboard */; };
/* End PBXBuildFile section */

/* Begin PBXFileReference section */
		29BD64CADE4580DF82591837 /* Pods-NotiBannserWithWhisper.debug.xcconfig */ = {isa = PBXFileReference; includeInIndex = 1; lastKnownFileType = text.xcconfig; name = "Pods-NotiBannserWithWhisper.debug.xcconfig"; path = "Pods/Target Support Files/Pods-NotiBannserWithWhisper/Pods-NotiBannserWithWhisper.debug.xcconfig"; sourceTree = "<group>"; };
		351B26EAA52E7EFA9709BB6E /* Pods_NotiBannserWithWhisper.framework */ = {isa = PBXFileReference; explicitFileType = wrapper.framework; includeInIndex = 0; path = Pods_NotiBannserWithWhisper.framework; sourceTree = BUILT_PRODUCTS_DIR; };
		393F924691A6474FF24EF514 /* Pods-NotiBannserWithWhisper.release.xcconfig */ = {isa = PBXFileReference; includeInIndex = 1; lastKnownFileType = text.xcconfig; name = "Pods-NotiBannserWithWhisper.release.xcconfig"; path = "Pods/Target Support Files/Pods-NotiBannserWithWhisper/Pods-NotiBannserWithWhisper.release.xcconfig"; sourceTree = "<group>"; };
		FB5FA6CF1F7A36E300346091 /* NotiBannserWithWhisper.app */ = {isa = PBXFileReference; explicitFileType = wrapper.application; includeInIndex = 0; path = NotiBannserWithWhisper.app; sourceTree = BUILT_PRODUCTS_DIR; };
		FB5FA6D21F7A36E300346091 /* AppDelegate.swift */ = {isa = PBXFileReference; lastKnownFileType = sourcecode.swift; path = AppDelegate.swift; sourceTree = "<group>"; };
		FB5FA6D41F7A36E300346091 /* ViewController.swift */ = {isa = PBXFileReference; lastKnownFileType = sourcecode.swift; path = ViewController.swift; sourceTree = "<group>"; };
		FB5FA6D71F7A36E300346091 /* Base */ = {isa = PBXFileReference; lastKnownFileType = file.storyboard; name = Base; path = Base.lproj/Main.storyboard; sourceTree = "<group>"; };
		FB5FA6D91F7A36E300346091 /* Assets.xcassets */ = {isa = PBXFileReference; lastKnownFileType = folder.assetcatalog; path = Assets.xcassets; sourceTree = "<group>"; };
		FB5FA6DC1F7A36E300346091 /* Base */ = {isa = PBXFileReference; lastKnownFileType = file.storyboard; name = Base; path = Base.lproj/LaunchScreen.storyboard; sourceTree = "<group>"; };
		FB5FA6DE1F7A36E300346091 /* Info.plist */ = {isa = PBXFileReference; lastKnownFileType = text.plist.xml; path = Info.plist; sourceTree = "<group>"; };
/* End PBXFileReference section */

/* Begin PBXFrameworksBuildPhase section */
		FB5FA6CC1F7A36E300346091 /* Frameworks */ = {
			isa = PBXFrameworksBuildPhase;
			buildActionMask = 2147483647;
			files = (
				7C6D0434C0BF9F7E03244B47 /* Pods_NotiBannserWithWhisper.framework in Frameworks */,
			);
			runOnlyForDeploymentPostprocessing = 0;
		};
/* End PBXFrameworksBuildPhase section */

/* Begin PBXGroup section */
		5085038FCEBF1B2A1AEB094C /* Pods */ = {
			isa = PBXGroup;
			children = (
				29BD64CADE4580DF82591837 /* Pods-NotiBannserWithWhisper.debug.xcconfig */,
				393F924691A6474FF24EF514 /* Pods-NotiBannserWithWhisper.release.xcconfig */,
			);
			name = Pods;
			sourceTree = "<group>";
		};
		B1AF6CCE46D42521DD1F0B38 /* Frameworks */ = {
			isa = PBXGroup;
			children = (
				351B26EAA52E7EFA9709BB6E /* Pods_NotiBannserWithWhisper.framework */,
			);
			name = Frameworks;
			sourceTree = "<group>";
		};
		FB5FA6C61F7A36E300346091 = {
			isa = PBXGroup;
			children = (
				FB5FA6D11F7A36E300346091 /* NotiBannserWithWhisper */,
				FB5FA6D01F7A36E300346091 /* Products */,
				5085038FCEBF1B2A1AEB094C /* Pods */,
				B1AF6CCE46D42521DD1F0B38 /* Frameworks */,
			);
			sourceTree = "<group>";
		};
		FB5FA6D01F7A36E300346091 /* Products */ = {
			isa = PBXGroup;
			children = (
				FB5FA6CF1F7A36E300346091 /* NotiBannserWithWhisper.app */,
			);
			name = Products;
			sourceTree = "<group>";
		};
		FB5FA6D11F7A36E300346091 /* NotiBannserWithWhisper */ = {
			isa = PBXGroup;
			children = (
				FB5FA6D21F7A36E300346091 /* AppDelegate.swift */,
				FB5FA6D41F7A36E300346091 /* ViewController.swift */,
				FB5FA6D61F7A36E300346091 /* Main.storyboard */,
				FB5FA6D91F7A36E300346091 /* Assets.xcassets */,
				FB5FA6DB1F7A36E300346091 /* LaunchScreen.storyboard */,
				FB5FA6DE1F7A36E300346091 /* Info.plist */,
			);
			path = NotiBannserWithWhisper;
			sourceTree = "<group>";
		};
/* End PBXGroup section */

/* Begin PBXNativeTarget section */
		FB5FA6CE1F7A36E300346091 /* NotiBannserWithWhisper */ = {
			isa = PBXNativeTarget;
			buildConfigurationList = FB5FA6E11F7A36E300346091 /* Build configuration list for PBXNativeTarget "NotiBannserWithWhisper" */;
			buildPhases = (
				6154520D7890320D9FC73DE3 /* [CP] Check Pods Manifest.lock */,
				FB5FA6CB1F7A36E300346091 /* Sources */,
				FB5FA6CC1F7A36E300346091 /* Frameworks */,
				FB5FA6CD1F7A36E300346091 /* Resources */,
				078D7EF7459D47E041E2917B /* [CP] Embed Pods Frameworks */,
				1FE52F1A0CC1C77DF6D76BA6 /* [CP] Copy Pods Resources */,
			);
			buildRules = (
			);
			dependencies = (
			);
			name = NotiBannserWithWhisper;
			productName = NotiBannserWithWhisper;
			productReference = FB5FA6CF1F7A36E300346091 /* NotiBannserWithWhisper.app */;
			productType = "com.apple.product-type.application";
		};
/* End PBXNativeTarget section */

/* Begin PBXProject section */
		FB5FA6C71F7A36E300346091 /* Project object */ = {
			isa = PBXProject;
			attributes = {
				LastSwiftUpdateCheck = 0830;
				LastUpgradeCheck = 0830;
				ORGANIZATIONNAME = FameSprinter;
				TargetAttributes = {
					FB5FA6CE1F7A36E300346091 = {
						CreatedOnToolsVersion = 8.3.3;
						ProvisioningStyle = Automatic;
					};
				};
			};
			buildConfigurationList = FB5FA6CA1F7A36E300346091 /* Build configuration list for PBXProject "NotiBannserWithWhisper" */;
			compatibilityVersion = "Xcode 3.2";
			developmentRegion = English;
			hasScannedForEncodings = 0;
			knownRegions = (
				en,
				Base,
			);
			mainGroup = FB5FA6C61F7A36E300346091;
			productRefGroup = FB5FA6D01F7A36E300346091 /* Products */;
			projectDirPath = "";
			projectRoot = "";
			targets = (
				FB5FA6CE1F7A36E300346091 /* NotiBannserWithWhisper */,
			);
		};
/* End PBXProject section */

/* Begin PBXResourcesBuildPhase section */
		FB5FA6CD1F7A36E300346091 /* Resources */ = {
			isa = PBXResourcesBuildPhase;
			buildActionMask = 2147483647;
			files = (
				FB5FA6DD1F7A36E300346091 /* LaunchScreen.storyboard in Resources */,
				FB5FA6DA1F7A36E300346091 /* Assets.xcassets in Resources */,
				FB5FA6D81F7A36E300346091 /* Main.storyboard in Resources */,
			);
			runOnlyForDeploymentPostprocessing = 0;
		};
/* End PBXResourcesBuildPhase section */

/* Begin PBXShellScriptBuildPhase section */
		078D7EF7459D47E041E2917B /* [CP] Embed Pods Frameworks */ = {
			isa = PBXShellScriptBuildPhase;
			buildActionMask = 2147483647;
			files = (
			);
			inputPaths = (
			);
			name = "[CP] Embed Pods Frameworks";
			outputPaths = (
			);
			runOnlyForDeploymentPostprocessing = 0;
			shellPath = /bin/sh;
			shellScript = "\"${SRCROOT}/Pods/Target Support Files/Pods-NotiBannserWithWhisper/Pods-NotiBannserWithWhisper-frameworks.sh\"\n";
			showEnvVarsInLog = 0;
		};
		1FE52F1A0CC1C77DF6D76BA6 /* [CP] Copy Pods Resources */ = {
			isa = PBXShellScriptBuildPhase;
			buildActionMask = 2147483647;
			files = (
			);
			inputPaths = (
			);
			name = "[CP] Copy Pods Resources";
			outputPaths = (
			);
			runOnlyForDeploymentPostprocessing = 0;
			shellPath = /bin/sh;
			shellScript = "\"${SRCROOT}/Pods/Target Support Files/Pods-NotiBannserWithWhisper/Pods-NotiBannserWithWhisper-resources.sh\"\n";
			showEnvVarsInLog = 0;
		};
		6154520D7890320D9FC73DE3 /* [CP] Check Pods Manifest.lock */ = {
			isa = PBXShellScriptBuildPhase;
			buildActionMask = 2147483647;
			files = (
			);
			inputPaths = (
			);
			name = "[CP] Check Pods Manifest.lock";
			outputPaths = (
			);
			runOnlyForDeploymentPostprocessing = 0;
			shellPath = /bin/sh;
			shellScript = "diff \"${PODS_PODFILE_DIR_PATH}/Podfile.lock\" \"${PODS_ROOT}/Manifest.lock\" > /dev/null\nif [ $? != 0 ] ; then\n    # print error to STDERR\n    echo \"error: The sandbox is not in sync with the Podfile.lock. Run 'pod install' or update your CocoaPods installation.\" >&2\n    exit 1\nfi\n";
			showEnvVarsInLog = 0;
		};
/* End PBXShellScriptBuildPhase section */

/* Begin PBXSourcesBuildPhase section */
		FB5FA6CB1F7A36E300346091 /* Sources */ = {
			isa = PBXSourcesBuildPhase;
			buildActionMask = 2147483647;
			files = (
				FB5FA6D51F7A36E300346091 /* ViewController.swift in Sources */,
				FB5FA6D31F7A36E300346091 /* AppDelegate.swift in Sources */,
			);
			runOnlyForDeploymentPostprocessing = 0;
		};
/* End PBXSourcesBuildPhase section */

/* Begin PBXVariantGroup section */
		FB5FA6D61F7A36E300346091 /* Main.storyboard */ = {
			isa = PBXVariantGroup;
			children = (
				FB5FA6D71F7A36E300346091 /* Base */,
			);
			name = Main.storyboard;
			sourceTree = "<group>";
		};
		FB5FA6DB1F7A36E300346091 /* LaunchScreen.storyboard */ = {
			isa = PBXVariantGroup;
			children = (
				FB5FA6DC1F7A36E300346091 /* Base */,
			);
			name = LaunchScreen.storyboard;
			sourceTree = "<group>";
		};
/* End PBXVariantGroup section */

/* Begin XCBuildConfiguration section */
		FB5FA6DF1F7A36E300346091 /* Debug */ = {
			isa = XCBuildConfiguration;
			buildSettings = {
				ALWAYS_SEARCH_USER_PATHS = NO;
				CLANG_ANALYZER_NONNULL = YES;
				CLANG_ANALYZER_NUMBER_OBJECT_CONVERSION = YES_AGGRESSIVE;
				CLANG_CXX_LANGUAGE_STANDARD = "gnu++0x";
				CLANG_CXX_LIBRARY = "libc++";
				CLANG_ENABLE_MODULES = YES;
				CLANG_ENABLE_OBJC_ARC = YES;
				CLANG_WARN_BOOL_CONVERSION = YES;
				CLANG_WARN_CONSTANT_CONVERSION = YES;
				CLANG_WARN_DIRECT_OBJC_ISA_USAGE = YES_ERROR;
				CLANG_WARN_DOCUMENTATION_COMMENTS = YES;
				CLANG_WARN_EMPTY_BODY = YES;
				CLANG_WARN_ENUM_CONVERSION = YES;
				CLANG_WARN_INFINITE_RECURSION = YES;
				CLANG_WARN_INT_CONVERSION = YES;
				CLANG_WARN_OBJC_ROOT_CLASS = YES_ERROR;
				CLANG_WARN_SUSPICIOUS_MOVE = YES;
				CLANG_WARN_UNREACHABLE_CODE = YES;
				CLANG_WARN__DUPLICATE_METHOD_MATCH = YES;
				"CODE_SIGN_IDENTITY[sdk=iphoneos*]" = "iPhone Developer";
				COPY_PHASE_STRIP = NO;
				DEBUG_INFORMATION_FORMAT = dwarf;
				ENABLE_STRICT_OBJC_MSGSEND = YES;
				ENABLE_TESTABILITY = YES;
				GCC_C_LANGUAGE_STANDARD = gnu99;
				GCC_DYNAMIC_NO_PIC = NO;
				GCC_NO_COMMON_BLOCKS = YES;
				GCC_OPTIMIZATION_LEVEL = 0;
				GCC_PREPROCESSOR_DEFINITIONS = (
					"DEBUG=1",
					"$(inherited)",
				);
				GCC_WARN_64_TO_32_BIT_CONVERSION = YES;
				GCC_WARN_ABOUT_RETURN_TYPE = YES_ERROR;
				GCC_WARN_UNDECLARED_SELECTOR = YES;
				GCC_WARN_UNINITIALIZED_AUTOS = YES_AGGRESSIVE;
				GCC_WARN_UNUSED_FUNCTION = YES;
				GCC_WARN_UNUSED_VARIABLE = YES;
				IPHONEOS_DEPLOYMENT_TARGET = 10.3;
				MTL_ENABLE_DEBUG_INFO = YES;
				ONLY_ACTIVE_ARCH = YES;
				SDKROOT = iphoneos;
				SWIFT_ACTIVE_COMPILATION_CONDITIONS = DEBUG;
				SWIFT_OPTIMIZATION_LEVEL = "-Onone";
				TARGETED_DEVICE_FAMILY = "1,2";
			};
			name = Debug;
		};
		FB5FA6E01F7A36E300346091 /* Release */ = {
			isa = XCBuildConfiguration;
			buildSettings = {
				ALWAYS_SEARCH_USER_PATHS = NO;
				CLANG_ANALYZER_NONNULL = YES;
				CLANG_ANALYZER_NUMBER_OBJECT_CONVERSION = YES_AGGRESSIVE;
				CLANG_CXX_LANGUAGE_STANDARD = "gnu++0x";
				CLANG_CXX_LIBRARY = "libc++";
				CLANG_ENABLE_MODULES = YES;
				CLANG_ENABLE_OBJC_ARC = YES;
				CLANG_WARN_BOOL_CONVERSION = YES;
				CLANG_WARN_CONSTANT_CONVERSION = YES;
				CLANG_WARN_DIRECT_OBJC_ISA_USAGE = YES_ERROR;
				CLANG_WARN_DOCUMENTATION_COMMENTS = YES;
				CLANG_WARN_EMPTY_BODY = YES;
				CLANG_WARN_ENUM_CONVERSION = YES;
				CLANG_WARN_INFINITE_RECURSION = YES;
				CLANG_WARN_INT_CONVERSION = YES;
				CLANG_WARN_OBJC_ROOT_CLASS = YES_ERROR;
				CLANG_WARN_SUSPICIOUS_MOVE = YES;
				CLANG_WARN_UNREACHABLE_CODE = YES;
				CLANG_WARN__DUPLICATE_METHOD_MATCH = YES;
				"CODE_SIGN_IDENTITY[sdk=iphoneos*]" = "iPhone Developer";
				COPY_PHASE_STRIP = NO;
				DEBUG_INFORMATION_FORMAT = "dwarf-with-dsym";
				ENABLE_NS_ASSERTIONS = NO;
				ENABLE_STRICT_OBJC_MSGSEND = YES;
				GCC_C_LANGUAGE_STANDARD = gnu99;
				GCC_NO_COMMON_BLOCKS = YES;
				GCC_WARN_64_TO_32_BIT_CONVERSION = YES;
				GCC_WARN_ABOUT_RETURN_TYPE = YES_ERROR;
				GCC_WARN_UNDECLARED_SELECTOR = YES;
				GCC_WARN_UNINITIALIZED_AUTOS = YES_AGGRESSIVE;
				GCC_WARN_UNUSED_FUNCTION = YES;
				GCC_WARN_UNUSED_VARIABLE = YES;
				IPHONEOS_DEPLOYMENT_TARGET = 10.3;
				MTL_ENABLE_DEBUG_INFO = NO;
				SDKROOT = iphoneos;
				SWIFT_OPTIMIZATION_LEVEL = "-Owholemodule";
				TARGETED_DEVICE_FAMILY = "1,2";
				VALIDATE_PRODUCT = YES;
			};
			name = Release;
		};
		FB5FA6E21F7A36E300346091 /* Debug */ = {
			isa = XCBuildConfiguration;
			baseConfigurationReference = 29BD64CADE4580DF82591837 /* Pods-NotiBannserWithWhisper.debug.xcconfig */;
			buildSettings = {
				ASSETCATALOG_COMPILER_APPICON_NAME = AppIcon;
				INFOPLIST_FILE = NotiBannserWithWhisper/Info.plist;
				LD_RUNPATH_SEARCH_PATHS = "$(inherited) @executable_path/Frameworks";
				PRODUCT_BUNDLE_IDENTIFIER = com.sprinterz.ios.NotiBannserWithWhisper;
				PRODUCT_NAME = "$(TARGET_NAME)";
				SWIFT_VERSION = 3.0;
			};
			name = Debug;
		};
		FB5FA6E31F7A36E300346091 /* Release */ = {
			isa = XCBuildConfiguration;
			baseConfigurationReference = 393F924691A6474FF24EF514 /* Pods-NotiBannserWithWhisper.release.xcconfig */;
			buildSettings = {
				ASSETCATALOG_COMPILER_APPICON_NAME = AppIcon;
				INFOPLIST_FILE = NotiBannserWithWhisper/Info.plist;
				LD_RUNPATH_SEARCH_PATHS = "$(inherited) @executable_path/Frameworks";
				PRODUCT_BUNDLE_IDENTIFIER = com.sprinterz.ios.NotiBannserWithWhisper;
				PRODUCT_NAME = "$(TARGET_NAME)";
				SWIFT_VERSION = 3.0;
			};
			name = Release;
		};
/* End XCBuildConfiguration section */

/* Begin XCConfigurationList section */
		FB5FA6CA1F7A36E300346091 /* Build configuration list for PBXProject "NotiBannserWithWhisper" */ = {
			isa = XCConfigurationList;
			buildConfigurations = (
				FB5FA6DF1F7A36E300346091 /* Debug */,
				FB5FA6E01F7A36E300346091 /* Release */,
			);
			defaultConfigurationIsVisible = 0;
			defaultConfigurationName = Release;
		};
		FB5FA6E11F7A36E300346091 /* Build configuration list for PBXNativeTarget "NotiBannserWithWhisper" */ = {
			isa = XCConfigurationList;
			buildConfigurations = (
				FB5FA6E21F7A36E300346091 /* Debug */,
				FB5FA6E31F7A36E300346091 /* Release */,
			);
			defaultConfigurationIsVisible = 0;
		};
/* End XCConfigurationList section */
	};
	rootObject = FB5FA6C71F7A36E300346091 /* Project object */;
}
